
Microsoft Visual Studio Solution File, Format Version 12.00
# Visual Studio Version 17
VisualStudioVersion = 17.6.33829.357
MinimumVisualStudioVersion = 10.0.40219.1
Project("{FAE04EC0-301F-11D3-BF4B-00C04F79EFBC}") = "Employeedetails", "Employeedetails\Employeedetails.csproj", "{E13A95A5-44E4-441F-927B-5061C63B7B62}"
EndProject
Global
	GlobalSection(SolutionConfigurationPlatforms) = preSolution
		Debug|Any CPU = Debug|Any CPU
		Release|Any CPU = Release|Any CPU
	EndGlobalSection
	GlobalSection(ProjectConfigurationPlatforms) = postSolution
		{E13A95A5-44E4-441F-927B-5061C63B7B62}.Debug|Any CPU.ActiveCfg = Debug|Any CPU
		{E13A95A5-44E4-441F-927B-5061C63B7B62}.Debug|Any CPU.Build.0 = Debug|Any CPU
		{E13A95A5-44E4-441F-927B-5061C63B7B62}.Release|Any CPU.ActiveCfg = Release|Any CPU
		{E13A95A5-44E4-441F-927B-5061C63B7B62}.Release|Any CPU.Build.0 = Release|Any CPU
	EndGlobalSection
	GlobalSection(SolutionProperties) = preSolution
		HideSolutionNode = FALSE
	EndGlobalSection
	GlobalSection(ExtensibilityGlobals) = postSolution
		SolutionGuid = {BE9CFA07-2400-4C4E-A2CA-56868467F1BD}
	EndGlobalSection
EndGlobal
